{
  "nodes": {
    "home-manager": {
      "inputs": {
        "nixpkgs": [
          "nixpkgs"
        ]
      },
      "locked": {
        "lastModified": 1790802803,
        "narHash": "sha256-pna6bbbXEqnAWb3GuioIEKu+yFxSVFR0UX+2QjxI6eg=",
        "owner": "nix-community",
        "repo": "home-manager",
        "rev": "e4122ec2a3cf7fede335e5c9975639d1e84dc04d",
        "type": "github"
      },
      "original": {
        "owner": "nix-community",
        "repo": "home-manager",
        "type": "github"
      }
    },
    "nixpkgs": {
      "locked": {
        "lastModified": 1790689126,
        "narHash": "sha256-ilerN1WLSvF+HMjziC/Wv99J5y02maDH+6hZPwsORKg=",
        "owner": "NixOS",
        "repo": "nixpkgs",
        "rev": "b4fd65b198c599cbe814fcb9f42d25d021595ec9",
        "type": "github"
      },
      "original": {
        "owner": "NixOS",
        "ref": "nixos-unstable",
        "repo": "nixpkgs",
        "type": "github"
      }
    },
    "noctalia": {
      "inputs": {
        "nixpkgs": [
          "nixpkgs"
        ]
      },
      "locked": {
        "lastModified": 1790958263,
        "narHash": "sha256-CjzvZ4ZUhJe30ziX46DHMauP/EMdddlwN9Xt1rXVISA=",
        "owner": "noctalia-dev",
        "repo": "noctalia",
        "rev": "141eb7eead5c87b41dbd96d83e752d8b5f84c549",
        "type": "github"
      },
      "original": {
        "owner": "noctalia-dev",
        "repo": "noctalia",
        "type": "github"
      }
    },
    "root": {
      "inputs": {
        "home-manager": "home-manager",
        "nixpkgs": "nixpkgs",
        "noctalia": "noctalia",
        "umbriel": "umbriel"
      }
    },
    "umbriel": {
      "inputs": {
        "nixpkgs": [
          "nixpkgs"
        ],
        "xdg-desktop-portal-umbriel": "xdg-desktop-portal-umbriel"
      },
      "locked": {
        "lastModified": 1790826613,
        "narHash": "sha256-A/DffDcKAaXq6+Jnnn4lvxqweN8YGZBXqIEikxyBArM=",
        "owner": "noctalia-dev",
        "repo": "umbriel",
        "rev": "26cd1fcb5ad60228af87638651ee89d2d7b4854f",
        "type": "github"
      },
      "original": {
        "owner": "noctalia-dev",
        "repo": "umbriel",
        "type": "github"
      }
    },
    "xdg-desktop-portal-umbriel": {
      "inputs": {
        "nixpkgs": [
          "umbriel",
          "nixpkgs"
        ]
      },
      "locked": {
        "lastModified": 1790459405,
        "narHash": "sha256-xDnu9icpormkETOo8Vn2Qr7Jkrz9ZqRf/jOhqADeeyg=",
        "owner": "noctalia-dev",
        "repo": "xdg-desktop-portal-umbriel",
        "rev": "d6bd72cabd83e3084fb2f2e24898d8ffa4a8c24f",
        "type": "github"
      },
      "original": {
        "owner": "noctalia-dev",
        "repo": "xdg-desktop-portal-umbriel",
        "type": "github"
      }
    }
  },
  "root": "root",
  "version": 7
}
